
Microsoft Visual Studio Solution File, Format Version 12.00
# Visual Studio 15
VisualStudioVersion = 15.0.27004.2002
MinimumVisualStudioVersion = 10.0.40219.1
Project("{FAE04EC0-301F-11D3-BF4B-00C04F79EFBC}") = "HEAPIFY_540_Software", "HEAPIFY_540_Software\HEAPIFY_540_Software.csproj", "{C06E8FD6-5156-4E9E-8F33-1F9D613EF68B}"
EndProject
Global
	GlobalSection(SolutionConfigurationPlatforms) = preSolution
		Debug|Any CPU = Debug|Any CPU
		Release|Any CPU = Release|Any CPU
	EndGlobalSection
	GlobalSection(ProjectConfigurationPlatforms) = postSolution
		{C06E8FD6-5156-4E9E-8F33-1F9D613EF68B}.Debug|Any CPU.ActiveCfg = Debug|Any CPU
		{C06E8FD6-5156-4E9E-8F33-1F9D613EF68B}.Debug|Any CPU.Build.0 = Debug|Any CPU
		{C06E8FD6-5156-4E9E-8F33-1F9D613EF68B}.Release|Any CPU.ActiveCfg = Release|Any CPU
		{C06E8FD6-5156-4E9E-8F33-1F9D613EF68B}.Release|Any CPU.Build.0 = Release|Any CPU
	EndGlobalSection
	GlobalSection(SolutionProperties) = preSolution
		HideSolutionNode = FALSE
	EndGlobalSection
	GlobalSection(ExtensibilityGlobals) = postSolution
		SolutionGuid = {31D71A06-2194-4D65-9899-9864A71F9491}
	EndGlobalSection
EndGlobal
